
Microsoft Visual Studio Solution File, Format Version 12.00
# Visual Studio Version 16
VisualStudioVersion = 16.0.31727.386
MinimumVisualStudioVersion = 10.0.40219.1
Project("{FAE04EC0-301F-11D3-BF4B-00C04F79EFBC}") = "RestWithASP-Net5Udemy", "RestWithASP-Net5Udemy\RestWithASP-Net5Udemy.csproj", "{50A528DB-C4F6-4044-890B-4CA2C50C140E}"
EndProject
Global
	GlobalSection(SolutionConfigurationPlatforms) = preSolution
		Debug|Any CPU = Debug|Any CPU
		Release|Any CPU = Release|Any CPU
	EndGlobalSection
	GlobalSection(ProjectConfigurationPlatforms) = postSolution
		{50A528DB-C4F6-4044-890B-4CA2C50C140E}.Debug|Any CPU.ActiveCfg = Debug|Any CPU
		{50A528DB-C4F6-4044-890B-4CA2C50C140E}.Debug|Any CPU.Build.0 = Debug|Any CPU
		{50A528DB-C4F6-4044-890B-4CA2C50C140E}.Release|Any CPU.ActiveCfg = Release|Any CPU
		{50A528DB-C4F6-4044-890B-4CA2C50C140E}.Release|Any CPU.Build.0 = Release|Any CPU
	EndGlobalSection
	GlobalSection(SolutionProperties) = preSolution
		HideSolutionNode = FALSE
	EndGlobalSection
	GlobalSection(ExtensibilityGlobals) = postSolution
		SolutionGuid = {5F19DF35-3E02-401A-A603-C1C520FEC2F6}
	EndGlobalSection
EndGlobal
